
Microsoft Visual Studio Solution File, Format Version 12.00
# Visual Studio Version 16
VisualStudioVersion = 16.0.29324.140
MinimumVisualStudioVersion = 10.0.40219.1
Project("{FAE04EC0-301F-11D3-BF4B-00C04F79EFBC}") = "SgartCore3Ef6Angular1Todo", "SgartCore3Ef6Angular1Todo\SgartCore3Ef6Angular1Todo.csproj", "{9D72223E-7D02-4606-95FF-A4DD7B73C4B0}"
EndProject
Global
	GlobalSection(SolutionConfigurationPlatforms) = preSolution
		Debug|Any CPU = Debug|Any CPU
		Release|Any CPU = Release|Any CPU
	EndGlobalSection
	GlobalSection(ProjectConfigurationPlatforms) = postSolution
		{9D72223E-7D02-4606-95FF-A4DD7B73C4B0}.Debug|Any CPU.ActiveCfg = Debug|Any CPU
		{9D72223E-7D02-4606-95FF-A4DD7B73C4B0}.Debug|Any CPU.Build.0 = Debug|Any CPU
		{9D72223E-7D02-4606-95FF-A4DD7B73C4B0}.Release|Any CPU.ActiveCfg = Release|Any CPU
		{9D72223E-7D02-4606-95FF-A4DD7B73C4B0}.Release|Any CPU.Build.0 = Release|Any CPU
	EndGlobalSection
	GlobalSection(SolutionProperties) = preSolution
		HideSolutionNode = FALSE
	EndGlobalSection
	GlobalSection(ExtensibilityGlobals) = postSolution
		SolutionGuid = {7F598F92-5FD2-4F28-9353-9AC4FE4A7C9F}
	EndGlobalSection
EndGlobal
